# This file is automatically @generated by Cargo.
# It is not intended for manual editing.
version = 3

[[package]]
name = "adler32"
version = "1.2.0"
source = "registry+https://github.com/rust-lang/crates.io-index"
checksum = "aae1277d39aeec15cb388266ecc24b11c80469deae6067e17a1a7aa9e5c1f234"

[[package]]
name = "find-duplicates"
version = "0.1.0"
dependencies = [
 "adler32",
 "tokio",
]

[[package]]
name = "pin-project-lite"
version = "0.2.8"
source = "registry+https://github.com/rust-lang/crates.io-index"
checksum = "e280fbe77cc62c91527259e9442153f4688736748d24660126286329742b4c6c"

[[package]]
name = "tokio"
version = "1.16.1"
source = "registry+https://github.com/rust-lang/crates.io-index"
checksum = "0c27a64b625de6d309e8c57716ba93021dccf1b3b5c97edd6d3dd2d2135afc0a"
dependencies = [
 "pin-project-lite",
]
